{
  "requires": true,
  "lockfileVersion": 1,
  "dependencies": {
    "mitt": {
      "version": "1.1.3",
      "resolved": "http://registry.npm.taobao.org/mitt/download/mitt-1.1.3.tgz",
      "integrity": "sha1-UoxQYjigXc4RzZFKdB6izDMtqbg="
    },
    "webpage": {
      "version": "0.3.0",
      "resolved": "http://registry.npm.taobao.org/webpage/download/webpage-0.3.0.tgz",
      "integrity": "sha1-FcjJnoIrSZ6Zga5odlObQjRIuOc="
    }
  }
}
